
Microsoft Visual Studio Solution File, Format Version 12.00
# Visual Studio Version 16
VisualStudioVersion = 16.0.29306.81
MinimumVisualStudioVersion = 10.0.40219.1
Project("{FAE04EC0-301F-11D3-BF4B-00C04F79EFBC}") = "WebAPI", "WebAPI\WebAPI.csproj", "{08D557EF-80CE-4384-BA1B-0E72F4927009}"
EndProject
Global
	GlobalSection(SolutionConfigurationPlatforms) = preSolution
		Debug|Any CPU = Debug|Any CPU
		Release|Any CPU = Release|Any CPU
	EndGlobalSection
	GlobalSection(ProjectConfigurationPlatforms) = postSolution
		{08D557EF-80CE-4384-BA1B-0E72F4927009}.Debug|Any CPU.ActiveCfg = Debug|Any CPU
		{08D557EF-80CE-4384-BA1B-0E72F4927009}.Debug|Any CPU.Build.0 = Debug|Any CPU
		{08D557EF-80CE-4384-BA1B-0E72F4927009}.Release|Any CPU.ActiveCfg = Release|Any CPU
		{08D557EF-80CE-4384-BA1B-0E72F4927009}.Release|Any CPU.Build.0 = Release|Any CPU
	EndGlobalSection
	GlobalSection(SolutionProperties) = preSolution
		HideSolutionNode = FALSE
	EndGlobalSection
	GlobalSection(ExtensibilityGlobals) = postSolution
		SolutionGuid = {418E35EA-5606-4D50-B4F7-1AAC38F5B2D9}
	EndGlobalSection
EndGlobal
